
Microsoft Visual Studio Solution File, Format Version 12.00
# Visual Studio Version 16
VisualStudioVersion = 16.0.29326.143
MinimumVisualStudioVersion = 10.0.40219.1
Project("{FAE04EC0-301F-11D3-BF4B-00C04F79EFBC}") = "Lab03_Pong", "Lab03_Pong.csproj", "{2841E09C-E15F-4191-B981-4089DCD52B56}"
EndProject
Global
	GlobalSection(SolutionConfigurationPlatforms) = preSolution
		Debug|x86 = Debug|x86
		Release|x86 = Release|x86
	EndGlobalSection
	GlobalSection(ProjectConfigurationPlatforms) = postSolution
		{2841E09C-E15F-4191-B981-4089DCD52B56}.Debug|x86.ActiveCfg = Debug|x86
		{2841E09C-E15F-4191-B981-4089DCD52B56}.Debug|x86.Build.0 = Debug|x86
		{2841E09C-E15F-4191-B981-4089DCD52B56}.Release|x86.ActiveCfg = Release|x86
		{2841E09C-E15F-4191-B981-4089DCD52B56}.Release|x86.Build.0 = Release|x86
	EndGlobalSection
	GlobalSection(SolutionProperties) = preSolution
		HideSolutionNode = FALSE
	EndGlobalSection
	GlobalSection(ExtensibilityGlobals) = postSolution
		SolutionGuid = {7D8EFF96-6683-4C41-AA00-FF52788FEEBC}
	EndGlobalSection
EndGlobal
