
Microsoft Visual Studio Solution File, Format Version 12.00
# Visual Studio 14
VisualStudioVersion = 14.0.25420.1
MinimumVisualStudioVersion = 10.0.40219.1
Project("{FAE04EC0-301F-11D3-BF4B-00C04F79EFBC}") = "TicTacToeLabSolution", "Game1\TicTacToeLabSolution.csproj", "{CFD6FCA7-37A5-4992-8A5F-8F8F5CAA9474}"
EndProject
Global
	GlobalSection(SolutionConfigurationPlatforms) = preSolution
		Debug|x86 = Debug|x86
		Release|x86 = Release|x86
	EndGlobalSection
	GlobalSection(ProjectConfigurationPlatforms) = postSolution
		{CFD6FCA7-37A5-4992-8A5F-8F8F5CAA9474}.Debug|x86.ActiveCfg = Debug|x86
		{CFD6FCA7-37A5-4992-8A5F-8F8F5CAA9474}.Debug|x86.Build.0 = Debug|x86
		{CFD6FCA7-37A5-4992-8A5F-8F8F5CAA9474}.Release|x86.ActiveCfg = Release|x86
		{CFD6FCA7-37A5-4992-8A5F-8F8F5CAA9474}.Release|x86.Build.0 = Release|x86
	EndGlobalSection
	GlobalSection(SolutionProperties) = preSolution
		HideSolutionNode = FALSE
	EndGlobalSection
EndGlobal
